
Microsoft Visual Studio Solution File, Format Version 12.00
# Visual Studio Version 16
VisualStudioVersion = 16.0.31729.503
MinimumVisualStudioVersion = 10.0.40219.1
Project("{FAE04EC0-301F-11D3-BF4B-00C04F79EFBC}") = "ConsoleAppToWebAPI", "ConsoleAppToWebAPI\ConsoleAppToWebAPI.csproj", "{0F83E857-118F-4248-8B53-A6C005DCEFB1}"
EndProject
Global
	GlobalSection(SolutionConfigurationPlatforms) = preSolution
		Debug|Any CPU = Debug|Any CPU
		Release|Any CPU = Release|Any CPU
	EndGlobalSection
	GlobalSection(ProjectConfigurationPlatforms) = postSolution
		{0F83E857-118F-4248-8B53-A6C005DCEFB1}.Debug|Any CPU.ActiveCfg = Debug|Any CPU
		{0F83E857-118F-4248-8B53-A6C005DCEFB1}.Debug|Any CPU.Build.0 = Debug|Any CPU
		{0F83E857-118F-4248-8B53-A6C005DCEFB1}.Release|Any CPU.ActiveCfg = Release|Any CPU
		{0F83E857-118F-4248-8B53-A6C005DCEFB1}.Release|Any CPU.Build.0 = Release|Any CPU
	EndGlobalSection
	GlobalSection(SolutionProperties) = preSolution
		HideSolutionNode = FALSE
	EndGlobalSection
	GlobalSection(ExtensibilityGlobals) = postSolution
		SolutionGuid = {1E04F8F4-3CC9-46C3-AC4B-5BCE9F24ACC7}
	EndGlobalSection
EndGlobal
